
Microsoft Visual Studio Solution File, Format Version 12.00
# Visual Studio 15
VisualStudioVersion = 15.0.27004.2005
MinimumVisualStudioVersion = 10.0.40219.1
Project("{9A19103F-16F7-4668-BE54-9A1E7A4F7556}") = "QuickDictionary.Web", "QuickDictionary.Web\QuickDictionary.Web.csproj", "{DBB9C74B-F97B-4820-9A24-315EA8668FAB}"
EndProject
Project("{FAE04EC0-301F-11D3-BF4B-00C04F79EFBC}") = "QuickDictionary.Common", "QuickDictionary.Common\QuickDictionary.Common.csproj", "{5AE88F0A-2656-4A85-B08A-1CA5024074BE}"
EndProject
Project("{FAE04EC0-301F-11D3-BF4B-00C04F79EFBC}") = "QuickDictionary.DataAccess.Models", "QuickDictionary.DataAccess.Models\QuickDictionary.DataAccess.Models.csproj", "{D6C38CC0-9B53-4D87-B7A5-25E557D69D47}"
EndProject
Project("{FAE04EC0-301F-11D3-BF4B-00C04F79EFBC}") = "QuickDictionary.DataAccess.EF", "QuickDictionary.DataAccess.EF\QuickDictionary.DataAccess.EF.csproj", "{06B1202E-980A-4A86-BB2B-5D1BAD7F2423}"
EndProject
Global
	GlobalSection(SolutionConfigurationPlatforms) = preSolution
		Debug|Any CPU = Debug|Any CPU
		Release|Any CPU = Release|Any CPU
	EndGlobalSection
	GlobalSection(ProjectConfigurationPlatforms) = postSolution
		{DBB9C74B-F97B-4820-9A24-315EA8668FAB}.Debug|Any CPU.ActiveCfg = Debug|Any CPU
		{DBB9C74B-F97B-4820-9A24-315EA8668FAB}.Debug|Any CPU.Build.0 = Debug|Any CPU
		{DBB9C74B-F97B-4820-9A24-315EA8668FAB}.Release|Any CPU.ActiveCfg = Release|Any CPU
		{DBB9C74B-F97B-4820-9A24-315EA8668FAB}.Release|Any CPU.Build.0 = Release|Any CPU
		{5AE88F0A-2656-4A85-B08A-1CA5024074BE}.Debug|Any CPU.ActiveCfg = Debug|Any CPU
		{5AE88F0A-2656-4A85-B08A-1CA5024074BE}.Debug|Any CPU.Build.0 = Debug|Any CPU
		{5AE88F0A-2656-4A85-B08A-1CA5024074BE}.Release|Any CPU.ActiveCfg = Release|Any CPU
		{5AE88F0A-2656-4A85-B08A-1CA5024074BE}.Release|Any CPU.Build.0 = Release|Any CPU
		{D6C38CC0-9B53-4D87-B7A5-25E557D69D47}.Debug|Any CPU.ActiveCfg = Debug|Any CPU
		{D6C38CC0-9B53-4D87-B7A5-25E557D69D47}.Debug|Any CPU.Build.0 = Debug|Any CPU
		{D6C38CC0-9B53-4D87-B7A5-25E557D69D47}.Release|Any CPU.ActiveCfg = Release|Any CPU
		{D6C38CC0-9B53-4D87-B7A5-25E557D69D47}.Release|Any CPU.Build.0 = Release|Any CPU
		{06B1202E-980A-4A86-BB2B-5D1BAD7F2423}.Debug|Any CPU.ActiveCfg = Debug|Any CPU
		{06B1202E-980A-4A86-BB2B-5D1BAD7F2423}.Debug|Any CPU.Build.0 = Debug|Any CPU
		{06B1202E-980A-4A86-BB2B-5D1BAD7F2423}.Release|Any CPU.ActiveCfg = Release|Any CPU
		{06B1202E-980A-4A86-BB2B-5D1BAD7F2423}.Release|Any CPU.Build.0 = Release|Any CPU
	EndGlobalSection
	GlobalSection(SolutionProperties) = preSolution
		HideSolutionNode = FALSE
	EndGlobalSection
	GlobalSection(ExtensibilityGlobals) = postSolution
		SolutionGuid = {2EBB83E9-1DC3-4081-BB0F-AE49EAB1689F}
	EndGlobalSection
EndGlobal
