
Microsoft Visual Studio Solution File, Format Version 12.00
# Visual Studio 15
VisualStudioVersion = 15.0.27004.2005
MinimumVisualStudioVersion = 10.0.40219.1
Project("{FAE04EC0-301F-11D3-BF4B-00C04F79EFBC}") = "QuickDictionary.Web", "QuickDictionary.Web\QuickDictionary.Web.csproj", "{DBB9C74B-F97B-4820-9A24-315EA8668FAB}"
EndProject
Global
	GlobalSection(SolutionConfigurationPlatforms) = preSolution
		Debug|Any CPU = Debug|Any CPU
		Release|Any CPU = Release|Any CPU
	EndGlobalSection
	GlobalSection(ProjectConfigurationPlatforms) = postSolution
		{DBB9C74B-F97B-4820-9A24-315EA8668FAB}.Debug|Any CPU.ActiveCfg = Debug|Any CPU
		{DBB9C74B-F97B-4820-9A24-315EA8668FAB}.Debug|Any CPU.Build.0 = Debug|Any CPU
		{DBB9C74B-F97B-4820-9A24-315EA8668FAB}.Release|Any CPU.ActiveCfg = Release|Any CPU
		{DBB9C74B-F97B-4820-9A24-315EA8668FAB}.Release|Any CPU.Build.0 = Release|Any CPU
	EndGlobalSection
	GlobalSection(SolutionProperties) = preSolution
		HideSolutionNode = FALSE
	EndGlobalSection
	GlobalSection(ExtensibilityGlobals) = postSolution
		SolutionGuid = {2EBB83E9-1DC3-4081-BB0F-AE49EAB1689F}
	EndGlobalSection
EndGlobal
